
Microsoft Visual Studio Solution File, Format Version 12.00
# Visual Studio Version 16
VisualStudioVersion = 16.0.29215.179
MinimumVisualStudioVersion = 10.0.40219.1
Project("{FAE04EC0-301F-11D3-BF4B-00C04F79EFBC}") = "Alten", "Alten\Alten.csproj", "{F651AEC2-D3CC-499B-AD46-60EC1169B136}"
EndProject
Global
	GlobalSection(SolutionConfigurationPlatforms) = preSolution
		Debug|Any CPU = Debug|Any CPU
		Release|Any CPU = Release|Any CPU
	EndGlobalSection
	GlobalSection(ProjectConfigurationPlatforms) = postSolution
		{F651AEC2-D3CC-499B-AD46-60EC1169B136}.Debug|Any CPU.ActiveCfg = Debug|Any CPU
		{F651AEC2-D3CC-499B-AD46-60EC1169B136}.Debug|Any CPU.Build.0 = Debug|Any CPU
		{F651AEC2-D3CC-499B-AD46-60EC1169B136}.Release|Any CPU.ActiveCfg = Release|Any CPU
		{F651AEC2-D3CC-499B-AD46-60EC1169B136}.Release|Any CPU.Build.0 = Release|Any CPU
	EndGlobalSection
	GlobalSection(SolutionProperties) = preSolution
		HideSolutionNode = FALSE
	EndGlobalSection
	GlobalSection(ExtensibilityGlobals) = postSolution
		SolutionGuid = {74754E2B-0B64-4DC3-8311-BFFEEB42692A}
	EndGlobalSection
EndGlobal
